
Microsoft Visual Studio Solution File, Format Version 12.00
# Visual Studio Version 16
VisualStudioVersion = 16.0.30011.22
MinimumVisualStudioVersion = 10.0.40219.1
Project("{FAE04EC0-301F-11D3-BF4B-00C04F79EFBC}") = "WebScraper", "WebScraper.csproj", "{0BDA09F3-3E43-4B9B-9CF2-36AE6994ECDF}"
EndProject
Global
	GlobalSection(SolutionConfigurationPlatforms) = preSolution
		Debug|Any CPU = Debug|Any CPU
		Release|Any CPU = Release|Any CPU
	EndGlobalSection
	GlobalSection(ProjectConfigurationPlatforms) = postSolution
		{0BDA09F3-3E43-4B9B-9CF2-36AE6994ECDF}.Debug|Any CPU.ActiveCfg = Debug|Any CPU
		{0BDA09F3-3E43-4B9B-9CF2-36AE6994ECDF}.Debug|Any CPU.Build.0 = Debug|Any CPU
		{0BDA09F3-3E43-4B9B-9CF2-36AE6994ECDF}.Release|Any CPU.ActiveCfg = Release|Any CPU
		{0BDA09F3-3E43-4B9B-9CF2-36AE6994ECDF}.Release|Any CPU.Build.0 = Release|Any CPU
	EndGlobalSection
	GlobalSection(SolutionProperties) = preSolution
		HideSolutionNode = FALSE
	EndGlobalSection
	GlobalSection(ExtensibilityGlobals) = postSolution
		SolutionGuid = {BAE1B8D9-9610-46E3-AE12-06C586195846}
	EndGlobalSection
EndGlobal
